<?xml version="1.0" encoding="utf-8"?>
<Project ToolsVersion="4.0" xmlns="http://schemas.microsoft.com/developer/msbuild/2003">
  <ItemGroup>
    <Filter Include="源文件">
      <UniqueIdentifier>{4FC737F1-C7A5-4376-A066-2A32D752A2FF}</UniqueIdentifier>
      <Extensions>cpp;c;cc;cxx;def;odl;idl;hpj;bat;asm;asmx</Extensions>
    </Filter>
    <Filter Include="头文件">
      <UniqueIdentifier>{93995380-89BD-4b04-88EB-625FBE52EBFB}</UniqueIdentifier>
      <Extensions>h;hpp;hxx;hm;inl;inc;xsd</Extensions>
    </Filter>
    <Filter Include="资源文件">
      <UniqueIdentifier>{67DA6AB6-F800-4c08-8B7A-83BB121AAD01}</UniqueIdentifier>
      <Extensions>rc;ico;cur;bmp;dlg;rc2;rct;bin;rgs;gif;jpg;jpeg;jpe;resx;tiff;tif;png;wav</Extensions>
    </Filter>
  </ItemGroup>
  <ItemGroup>
    <ClCompile Include="..\GCommProtocol.cpp">
      <Filter>源文件</Filter>
    </ClCompile>
    <ClCompile Include="..\GLog.cpp">
      <Filter>源文件</Filter>
    </ClCompile>
    <ClCompile Include="..\GMemory.cpp">
      <Filter>源文件</Filter>
    </ClCompile>
    <ClCompile Include="..\GPerHandleData.cpp">
      <Filter>源文件</Filter>
    </ClCompile>
    <ClCompile Include="..\GPerIoData.cpp">
      <Filter>源文件</Filter>
    </ClCompile>
    <ClCompile Include="..\GProcesserThread.cpp">
      <Filter>源文件</Filter>
    </ClCompile>
    <ClCompile Include="GSocketDemo.cpp">
      <Filter>源文件</Filter>
    </ClCompile>
    <ClCompile Include="GSocketDemoDlg.cpp">
      <Filter>源文件</Filter>
    </ClCompile>
    <ClCompile Include="..\GSocketInside.cpp">
      <Filter>源文件</Filter>
    </ClCompile>
    <ClCompile Include="GSockInfo.cpp">
      <Filter>源文件</Filter>
    </ClCompile>
    <ClCompile Include="..\GTcpClient.cpp">
      <Filter>源文件</Filter>
    </ClCompile>
    <ClCompile Include="..\GTcpServer.cpp">
      <Filter>源文件</Filter>
    </ClCompile>
    <ClCompile Include="..\GThread.cpp">
      <Filter>源文件</Filter>
    </ClCompile>
    <ClCompile Include="..\GWorkerThread.cpp">
      <Filter>源文件</Filter>
    </ClCompile>
    <ClCompile Include="stdafx.cpp">
      <Filter>源文件</Filter>
    </ClCompile>
    <ClCompile Include="..\SwmrgLock.cpp">
      <Filter>源文件</Filter>
    </ClCompile>
  </ItemGroup>
  <ItemGroup>
    <ClInclude Include="..\GCommProtocol.h">
      <Filter>头文件</Filter>
    </ClInclude>
    <ClInclude Include="..\GLog.h">
      <Filter>头文件</Filter>
    </ClInclude>
    <ClInclude Include="..\GMemory.h">
      <Filter>头文件</Filter>
    </ClInclude>
    <ClInclude Include="..\GPerHandleData.h">
      <Filter>头文件</Filter>
    </ClInclude>
    <ClInclude Include="..\GPerIoData.h">
      <Filter>头文件</Filter>
    </ClInclude>
    <ClInclude Include="..\GProcesserThread.h">
      <Filter>头文件</Filter>
    </ClInclude>
    <ClInclude Include="..\GSocket.h">
      <Filter>头文件</Filter>
    </ClInclude>
    <ClInclude Include="GSocketDemo.h">
      <Filter>头文件</Filter>
    </ClInclude>
    <ClInclude Include="GSocketDemoDlg.h">
      <Filter>头文件</Filter>
    </ClInclude>
    <ClInclude Include="..\GSocketInside.h">
      <Filter>头文件</Filter>
    </ClInclude>
    <ClInclude Include="GSockInfo.h">
      <Filter>头文件</Filter>
    </ClInclude>
    <ClInclude Include="..\GTcpClient.h">
      <Filter>头文件</Filter>
    </ClInclude>
    <ClInclude Include="..\GTcpServer.h">
      <Filter>头文件</Filter>
    </ClInclude>
    <ClInclude Include="..\GThread.h">
      <Filter>头文件</Filter>
    </ClInclude>
    <ClInclude Include="GThreadPool.h">
      <Filter>头文件</Filter>
    </ClInclude>
    <ClInclude Include="..\GWorkerThread.h">
      <Filter>头文件</Filter>
    </ClInclude>
    <ClInclude Include="..\HashmapManager.h">
      <Filter>头文件</Filter>
    </ClInclude>
    <ClInclude Include="..\Interface.h">
      <Filter>头文件</Filter>
    </ClInclude>
    <ClInclude Include="Resource.h">
      <Filter>头文件</Filter>
    </ClInclude>
    <ClInclude Include="stdafx.h">
      <Filter>头文件</Filter>
    </ClInclude>
    <ClInclude Include="..\SwmrgLock.h">
      <Filter>头文件</Filter>
    </ClInclude>
    <ClInclude Include="targetver.h">
      <Filter>头文件</Filter>
    </ClInclude>
  </ItemGroup>
  <ItemGroup>
    <Image Include="res\GSocketDemo.ico">
      <Filter>资源文件</Filter>
    </Image>
  </ItemGroup>
  <ItemGroup>
    <ResourceCompile Include="GSocketDemo.rc">
      <Filter>资源文件</Filter>
    </ResourceCompile>
  </ItemGroup>
  <ItemGroup>
    <None Include="res\GSocketDemo.rc2">
      <Filter>资源文件</Filter>
    </None>
  </ItemGroup>
  <ItemGroup>
    <Text Include="ReadMe.txt" />
  </ItemGroup>
</Project>